{
  "name": "raft",
  "version": "0.0.1",
  "lockfileVersion": 1,
  "requires": true,
  "dependencies": {
    "assertion-error": {
      "version": "1.0.2",
      "resolved": "https://npm.twiket.com/repository/ott-node-modules/assertion-error/-/assertion-error-1.0.2.tgz",
      "integrity": "sha1-E8pRXYYgbaC6xm6DTdOX2HWBCUw=",
      "dev": true
    },
    "chai": {
      "version": "4.1.2",
      "resolved": "https://npm.twiket.com/repository/ott-node-modules/chai/-/chai-4.1.2.tgz",
      "integrity": "sha1-D2RYS6ZC8PKs4oBiefTwbKI61zw=",
      "dev": true,
      "requires": {
        "assertion-error": "1.0.2",
        "check-error": "1.0.2",
        "deep-eql": "3.0.1",
        "get-func-name": "2.0.0",
        "pathval": "1.1.0",
        "type-detect": "4.0.3"
      }
    },
    "check-error": {
      "version": "1.0.2",
      "resolved": "https://npm.twiket.com/repository/ott-node-modules/check-error/-/check-error-1.0.2.tgz",
      "integrity": "sha1-V00xLt2Iu13YkS6Sht1sCu1KrII=",
      "dev": true
    },
    "deep-eql": {
      "version": "3.0.1",
      "resolved": "https://npm.twiket.com/repository/ott-node-modules/deep-eql/-/deep-eql-3.0.1.tgz",
      "integrity": "sha512-+QeIQyN5ZuO+3Uk5DYh6/1eKO0m0YmJFGNmFHGACpf1ClL1nmlV/p4gNgbl2pJGxgXb4faqo6UE+M5ACEMyVcw==",
      "dev": true,
      "requires": {
        "type-detect": "4.0.3"
      }
    },
    "diff": {
      "version": "3.3.1",
      "resolved": "https://npm.twiket.com/repository/ott-node-modules/diff/-/diff-3.3.1.tgz",
      "integrity": "sha512-MKPHZDMB0o6yHyDryUOScqZibp914ksXwAMYMTHj6KO8UeKsRYNJD3oNCKjTqZon+V488P7N/HzXF8t7ZR95ww==",
      "dev": true
    },
    "formatio": {
      "version": "1.2.0",
      "resolved": "https://npm.twiket.com/repository/ott-node-modules/formatio/-/formatio-1.2.0.tgz",
      "integrity": "sha1-87IWfZBoxGmKjVH092CjmlTYGOs=",
      "dev": true,
      "requires": {
        "samsam": "1.3.0"
      }
    },
    "get-func-name": {
      "version": "2.0.0",
      "resolved": "https://npm.twiket.com/repository/ott-node-modules/get-func-name/-/get-func-name-2.0.0.tgz",
      "integrity": "sha1-6td0q+5y4gQJQzoGY2YCPdaIekE=",
      "dev": true
    },
    "isarray": {
      "version": "0.0.1",
      "resolved": "https://npm.twiket.com/repository/ott-node-modules/isarray/-/isarray-0.0.1.tgz",
      "integrity": "sha1-ihis/Kmo9Bd+Cav8YDiTmwXR7t8=",
      "dev": true
    },
    "just-extend": {
      "version": "1.1.22",
      "resolved": "https://npm.twiket.com/repository/ott-node-modules/just-extend/-/just-extend-1.1.22.tgz",
      "integrity": "sha1-MzCvdWyralQnAMZLLk5KoGLVL/8=",
      "dev": true
    },
    "lodash": {
      "version": "4.17.4",
      "resolved": "https://npm.twiket.com/repository/ott-node-modules/lodash/-/lodash-4.17.4.tgz",
      "integrity": "sha1-eCA6TRwyiuHYbcpkYONptX9AVa4="
    },
    "lodash.get": {
      "version": "4.4.2",
      "resolved": "https://npm.twiket.com/repository/ott-node-modules/lodash.get/-/lodash.get-4.4.2.tgz",
      "integrity": "sha1-LRd/ZS+jHpObRDjVNBSZ36OCXpk=",
      "dev": true
    },
    "lolex": {
      "version": "2.1.2",
      "resolved": "https://npm.twiket.com/repository/ott-node-modules/lolex/-/lolex-2.1.2.tgz",
      "integrity": "sha1-JpS5U8nqTQE+W4v7qJHJkQJbJik=",
      "dev": true
    },
    "native-promise-only": {
      "version": "0.8.1",
      "resolved": "https://npm.twiket.com/repository/ott-node-modules/native-promise-only/-/native-promise-only-0.8.1.tgz",
      "integrity": "sha1-IKMYwwy0X3H+et+/eyHJnBRy7xE=",
      "dev": true
    },
    "nise": {
      "version": "1.1.0",
      "resolved": "https://npm.twiket.com/repository/ott-node-modules/nise/-/nise-1.1.0.tgz",
      "integrity": "sha512-lIFidCxB0mJGyq1i33tLRNojtMoYX95EAI7WQEU+/ees0w6hvXZQHZ7WD130Tjeh5+YJAUVLfQ3k/s9EA8jj+w==",
      "dev": true,
      "requires": {
        "formatio": "1.2.0",
        "just-extend": "1.1.22",
        "lolex": "1.6.0",
        "path-to-regexp": "1.7.0",
        "text-encoding": "0.6.4"
      },
      "dependencies": {
        "lolex": {
          "version": "1.6.0",
          "resolved": "https://npm.twiket.com/repository/ott-node-modules/lolex/-/lolex-1.6.0.tgz",
          "integrity": "sha1-OpoCg0UqR9dDnnJzG54H1zhuSfY=",
          "dev": true
        }
      }
    },
    "path-to-regexp": {
      "version": "1.7.0",
      "resolved": "https://npm.twiket.com/repository/ott-node-modules/path-to-regexp/-/path-to-regexp-1.7.0.tgz",
      "integrity": "sha1-Wf3g9DW62suhA6hOnTvGTpa5k30=",
      "dev": true,
      "requires": {
        "isarray": "0.0.1"
      }
    },
    "pathval": {
      "version": "1.1.0",
      "resolved": "https://npm.twiket.com/repository/ott-node-modules/pathval/-/pathval-1.1.0.tgz",
      "integrity": "sha1-uULm1L3mUwBe9rcTYd74cn0GReA=",
      "dev": true
    },
    "samsam": {
      "version": "1.3.0",
      "resolved": "https://npm.twiket.com/repository/ott-node-modules/samsam/-/samsam-1.3.0.tgz",
      "integrity": "sha512-1HwIYD/8UlOtFS3QO3w7ey+SdSDFE4HRNLZoZRYVQefrOY3l17epswImeB1ijgJFQJodIaHcwkp3r/myBjFVbg==",
      "dev": true
    },
    "sinon": {
      "version": "4.0.0",
      "resolved": "https://npm.twiket.com/repository/ott-node-modules/sinon/-/sinon-4.0.0.tgz",
      "integrity": "sha1-pUpfAjeqHdIhXl6ByJtCtQxP22s=",
      "dev": true,
      "requires": {
        "diff": "3.3.1",
        "formatio": "1.2.0",
        "lodash.get": "4.4.2",
        "lolex": "2.1.2",
        "native-promise-only": "0.8.1",
        "nise": "1.1.0",
        "path-to-regexp": "1.7.0",
        "samsam": "1.3.0",
        "text-encoding": "0.6.4",
        "type-detect": "4.0.3"
      }
    },
    "text-encoding": {
      "version": "0.6.4",
      "resolved": "https://npm.twiket.com/repository/ott-node-modules/text-encoding/-/text-encoding-0.6.4.tgz",
      "integrity": "sha1-45mpgiV6J22uQou5KEXLcb3CbRk=",
      "dev": true
    },
    "type-detect": {
      "version": "4.0.3",
      "resolved": "https://npm.twiket.com/repository/ott-node-modules/type-detect/-/type-detect-4.0.3.tgz",
      "integrity": "sha1-Dj8mcLRAmbC0bChNE2p+9Jx0wuo=",
      "dev": true
    },
    "uuid": {
      "version": "3.1.0",
      "resolved": "https://npm.twiket.com/repository/ott-node-modules/uuid/-/uuid-3.1.0.tgz",
      "integrity": "sha512-DIWtzUkw04M4k3bf1IcpS2tngXEL26YUD2M0tMDUpnUrz2hgzUBlD55a4FjdLGPvfHxS6uluGWvaVEqgBcVa+g=="
    }
  }
}
